
Microsoft Visual Studio Solution File, Format Version 12.00
# Visual Studio Version 17
VisualStudioVersion = 17.9.34728.123
MinimumVisualStudioVersion = 10.0.40219.1
Project("{FAE04EC0-301F-11D3-BF4B-00C04F79EFBC}") = "taxi_management app", "taxi_management app\taxi_management app.csproj", "{CF147765-FA6F-4ED2-844D-0972378A9EE7}"
EndProject
Global
	GlobalSection(SolutionConfigurationPlatforms) = preSolution
		Debug|Any CPU = Debug|Any CPU
		Release|Any CPU = Release|Any CPU
	EndGlobalSection
	GlobalSection(ProjectConfigurationPlatforms) = postSolution
		{CF147765-FA6F-4ED2-844D-0972378A9EE7}.Debug|Any CPU.ActiveCfg = Debug|Any CPU
		{CF147765-FA6F-4ED2-844D-0972378A9EE7}.Debug|Any CPU.Build.0 = Debug|Any CPU
		{CF147765-FA6F-4ED2-844D-0972378A9EE7}.Release|Any CPU.ActiveCfg = Release|Any CPU
		{CF147765-FA6F-4ED2-844D-0972378A9EE7}.Release|Any CPU.Build.0 = Release|Any CPU
	EndGlobalSection
	GlobalSection(SolutionProperties) = preSolution
		HideSolutionNode = FALSE
	EndGlobalSection
	GlobalSection(ExtensibilityGlobals) = postSolution
		SolutionGuid = {7F4C6557-8C59-4D82-A2E9-26E343E6400E}
	EndGlobalSection
EndGlobal
